// !$*UTF8*$!
{
	archiveVersion = 1;
	classes = {
	};
	objectVersion = 56;
	objects = {

/* Begin PBXBuildFile section */
		E1F9C69628C343900062BE47 /* AppDelegate.swift in Sources */ = {isa = PBXBuildFile; fileRef = E1F9C69528C343900062BE47 /* AppDelegate.swift */; };
		E1F9C69828C343900062BE47 /* SceneDelegate.swift in Sources */ = {isa = PBXBuildFile; fileRef = E1F9C69728C343900062BE47 /* SceneDelegate.swift */; };
		E1F9C69A28C343900062BE47 /* ViewController.swift in Sources */ = {isa = PBXBuildFile; fileRef = E1F9C69928C343900062BE47 /* ViewController.swift */; };
		E1F9C69D28C343900062BE47 /* Main.storyboard in Resources */ = {isa = PBXBuildFile; fileRef = E1F9C69B28C343900062BE47 /* Main.storyboard */; };
		E1F9C69F28C343940062BE47 /* Assets.xcassets in Resources */ = {isa = PBXBuildFile; fileRef = E1F9C69E28C343940062BE47 /* Assets.xcassets */; };
		E1F9C6A228C343940062BE47 /* LaunchScreen.storyboard in Resources */ = {isa = PBXBuildFile; fileRef = E1F9C6A028C343940062BE47 /* LaunchScreen.storyboard */; };
		E1F9C6AD28C343940062BE47 /* catchKennyTests.swift in Sources */ = {isa = PBXBuildFile; fileRef = E1F9C6AC28C343940062BE47 /* catchKennyTests.swift */; };
		E1F9C6B728C343940062BE47 /* catchKennyUITests.swift in Sources */ = {isa = PBXBuildFile; fileRef = E1F9C6B628C343940062BE47 /* catchKennyUITests.swift */; };
		E1F9C6B928C343940062BE47 /* catchKennyUITestsLaunchTests.swift in Sources */ = {isa = PBXBuildFile; fileRef = E1F9C6B828C343940062BE47 /* catchKennyUITestsLaunchTests.swift */; };
/* End PBXBuildFile section */

/* Begin PBXContainerItemProxy section */
		E1F9C6A928C343940062BE47 /* PBXContainerItemProxy */ = {
			isa = PBXContainerItemProxy;
			containerPortal = E1F9C68A28C343900062BE47 /* Project object */;
			proxyType = 1;
			remoteGlobalIDString = E1F9C69128C343900062BE47;
			remoteInfo = catchKenny;
		};
		E1F9C6B328C343940062BE47 /* PBXContainerItemProxy */ = {
			isa = PBXContainerItemProxy;
			containerPortal = E1F9C68A28C343900062BE47 /* Project object */;
			proxyType = 1;
			remoteGlobalIDString = E1F9C69128C343900062BE47;
			remoteInfo = catchKenny;
		};
/* End PBXContainerItemProxy section */

/* Begin PBXFileReference section */
		E1F9C69228C343900062BE47 /* catchKenny.app */ = {isa = PBXFileReference; explicitFileType = wrapper.application; includeInIndex = 0; path = catchKenny.app; sourceTree = BUILT_PRODUCTS_DIR; };
		E1F9C69528C343900062BE47 /* AppDelegate.swift */ = {isa = PBXFileReference; lastKnownFileType = sourcecode.swift; path = AppDelegate.swift; sourceTree = "<group>"; };
		E1F9C69728C343900062BE47 /* SceneDelegate.swift */ = {isa = PBXFileReference; lastKnownFileType = sourcecode.swift; path = SceneDelegate.swift; sourceTree = "<group>"; };
		E1F9C69928C343900062BE47 /* ViewController.swift */ = {isa = PBXFileReference; lastKnownFileType = sourcecode.swift; path = ViewController.swift; sourceTree = "<group>"; };
		E1F9C69C28C343900062BE47 /* Base */ = {isa = PBXFileReference; lastKnownFileType = file.storyboard; name = Base; path = Base.lproj/Main.storyboard; sourceTree = "<group>"; };
		E1F9C69E28C343940062BE47 /* Assets.xcassets */ = {isa = PBXFileReference; lastKnownFileType = folder.assetcatalog; path = Assets.xcassets; sourceTree = "<group>"; };
		E1F9C6A128C343940062BE47 /* Base */ = {isa = PBXFileReference; lastKnownFileType = file.storyboard; name = Base; path = Base.lproj/LaunchScreen.storyboard; sourceTree = "<group>"; };
		E1F9C6A328C343940062BE47 /* Info.plist */ = {isa = PBXFileReference; lastKnownFileType = text.plist.xml; path = Info.plist; sourceTree = "<group>"; };
		E1F9C6A828C343940062BE47 /* catchKennyTests.xctest */ = {isa = PBXFileReference; explicitFileType = wrapper.cfbundle; includeInIndex = 0; path = catchKennyTests.xctest; sourceTree = BUILT_PRODUCTS_DIR; };
		E1F9C6AC28C343940062BE47 /* catchKennyTests.swift */ = {isa = PBXFileReference; lastKnownFileType = sourcecode.swift; path = catchKennyTests.swift; sourceTree = "<group>"; };
		E1F9C6B228C343940062BE47 /* catchKennyUITests.xctest */ = {isa = PBXFileReference; explicitFileType = wrapper.cfbundle; includeInIndex = 0; path = catchKennyUITests.xctest; sourceTree = BUILT_PRODUCTS_DIR; };
		E1F9C6B628C343940062BE47 /* catchKennyUITests.swift */ = {isa = PBXFileReference; lastKnownFileType = sourcecode.swift; path = catchKennyUITests.swift; sourceTree = "<group>"; };
		E1F9C6B828C343940062BE47 /* catchKennyUITestsLaunchTests.swift */ = {isa = PBXFileReference; lastKnownFileType = sourcecode.swift; path = catchKennyUITestsLaunchTests.swift; sourceTree = "<group>"; };
/* End PBXFileReference section */

/* Begin PBXFrameworksBuildPhase section */
		E1F9C68F28C343900062BE47 /* Frameworks */ = {
			isa = PBXFrameworksBuildPhase;
			buildActionMask = 2147483647;
			files = (
			);
			runOnlyForDeploymentPostprocessing = 0;
		};
		E1F9C6A528C343940062BE47 /* Frameworks */ = {
			isa = PBXFrameworksBuildPhase;
			buildActionMask = 2147483647;
			files = (
			);
			runOnlyForDeploymentPostprocessing = 0;
		};
		E1F9C6AF28C343940062BE47 /* Frameworks */ = {
			isa = PBXFrameworksBuildPhase;
			buildActionMask = 2147483647;
			files = (
			);
			runOnlyForDeploymentPostprocessing = 0;
		};
/* End PBXFrameworksBuildPhase section */

/* Begin PBXGroup section */
		E1F9C68928C343900062BE47 = {
			isa = PBXGroup;
			children = (
				E1F9C69428C343900062BE47 /* catchKenny */,
				E1F9C6AB28C343940062BE47 /* catchKennyTests */,
				E1F9C6B528C343940062BE47 /* catchKennyUITests */,
				E1F9C69328C343900062BE47 /* Products */,
			);
			sourceTree = "<group>";
		};
		E1F9C69328C343900062BE47 /* Products */ = {
			isa = PBXGroup;
			children = (
				E1F9C69228C343900062BE47 /* catchKenny.app */,
				E1F9C6A828C343940062BE47 /* catchKennyTests.xctest */,
				E1F9C6B228C343940062BE47 /* catchKennyUITests.xctest */,
			);
			name = Products;
			sourceTree = "<group>";
		};
		E1F9C69428C343900062BE47 /* catchKenny */ = {
			isa = PBXGroup;
			children = (
				E1F9C69528C343900062BE47 /* AppDelegate.swift */,
				E1F9C69728C343900062BE47 /* SceneDelegate.swift */,
				E1F9C69928C343900062BE47 /* ViewController.swift */,
				E1F9C69B28C343900062BE47 /* Main.storyboard */,
				E1F9C69E28C343940062BE47 /* Assets.xcassets */,
				E1F9C6A028C343940062BE47 /* LaunchScreen.storyboard */,
				E1F9C6A328C343940062BE47 /* Info.plist */,
			);
			path = catchKenny;
			sourceTree = "<group>";
		};
		E1F9C6AB28C343940062BE47 /* catchKennyTests */ = {
			isa = PBXGroup;
			children = (
				E1F9C6AC28C343940062BE47 /* catchKennyTests.swift */,
			);
			path = catchKennyTests;
			sourceTree = "<group>";
		};
		E1F9C6B528C343940062BE47 /* catchKennyUITests */ = {
			isa = PBXGroup;
			children = (
				E1F9C6B628C343940062BE47 /* catchKennyUITests.swift */,
				E1F9C6B828C343940062BE47 /* catchKennyUITestsLaunchTests.swift */,
			);
			path = catchKennyUITests;
			sourceTree = "<group>";
		};
/* End PBXGroup section */

/* Begin PBXNativeTarget section */
		E1F9C69128C343900062BE47 /* catchKenny */ = {
			isa = PBXNativeTarget;
			buildConfigurationList = E1F9C6BC28C343940062BE47 /* Build configuration list for PBXNativeTarget "catchKenny" */;
			buildPhases = (
				E1F9C68E28C343900062BE47 /* Sources */,
				E1F9C68F28C343900062BE47 /* Frameworks */,
				E1F9C69028C343900062BE47 /* Resources */,
			);
			buildRules = (
			);
			dependencies = (
			);
			name = catchKenny;
			productName = catchKenny;
			productReference = E1F9C69228C343900062BE47 /* catchKenny.app */;
			productType = "com.apple.product-type.application";
		};
		E1F9C6A728C343940062BE47 /* catchKennyTests */ = {
			isa = PBXNativeTarget;
			buildConfigurationList = E1F9C6BF28C343940062BE47 /* Build configuration list for PBXNativeTarget "catchKennyTests" */;
			buildPhases = (
				E1F9C6A428C343940062BE47 /* Sources */,
				E1F9C6A528C343940062BE47 /* Frameworks */,
				E1F9C6A628C343940062BE47 /* Resources */,
			);
			buildRules = (
			);
			dependencies = (
				E1F9C6AA28C343940062BE47 /* PBXTargetDependency */,
			);
			name = catchKennyTests;
			productName = catchKennyTests;
			productReference = E1F9C6A828C343940062BE47 /* catchKennyTests.xctest */;
			productType = "com.apple.product-type.bundle.unit-test";
		};
		E1F9C6B128C343940062BE47 /* catchKennyUITests */ = {
			isa = PBXNativeTarget;
			buildConfigurationList = E1F9C6C228C343940062BE47 /* Build configuration list for PBXNativeTarget "catchKennyUITests" */;
			buildPhases = (
				E1F9C6AE28C343940062BE47 /* Sources */,
				E1F9C6AF28C343940062BE47 /* Frameworks */,
				E1F9C6B028C343940062BE47 /* Resources */,
			);
			buildRules = (
			);
			dependencies = (
				E1F9C6B428C343940062BE47 /* PBXTargetDependency */,
			);
			name = catchKennyUITests;
			productName = catchKennyUITests;
			productReference = E1F9C6B228C343940062BE47 /* catchKennyUITests.xctest */;
			productType = "com.apple.product-type.bundle.ui-testing";
		};
/* End PBXNativeTarget section */

/* Begin PBXProject section */
		E1F9C68A28C343900062BE47 /* Project object */ = {
			isa = PBXProject;
			attributes = {
				BuildIndependentTargetsInParallel = 1;
				LastSwiftUpdateCheck = 1400;
				LastUpgradeCheck = 1400;
				TargetAttributes = {
					E1F9C69128C343900062BE47 = {
						CreatedOnToolsVersion = 14.0;
					};
					E1F9C6A728C343940062BE47 = {
						CreatedOnToolsVersion = 14.0;
						TestTargetID = E1F9C69128C343900062BE47;
					};
					E1F9C6B128C343940062BE47 = {
						CreatedOnToolsVersion = 14.0;
						TestTargetID = E1F9C69128C343900062BE47;
					};
				};
			};
			buildConfigurationList = E1F9C68D28C343900062BE47 /* Build configuration list for PBXProject "catchKenny" */;
			compatibilityVersion = "Xcode 14.0";
			developmentRegion = en;
			hasScannedForEncodings = 0;
			knownRegions = (
				en,
				Base,
			);
			mainGroup = E1F9C68928C343900062BE47;
			productRefGroup = E1F9C69328C343900062BE47 /* Products */;
			projectDirPath = "";
			projectRoot = "";
			targets = (
				E1F9C69128C343900062BE47 /* catchKenny */,
				E1F9C6A728C343940062BE47 /* catchKennyTests */,
				E1F9C6B128C343940062BE47 /* catchKennyUITests */,
			);
		};
/* End PBXProject section */

/* Begin PBXResourcesBuildPhase section */
		E1F9C69028C343900062BE47 /* Resources */ = {
			isa = PBXResourcesBuildPhase;
			buildActionMask = 2147483647;
			files = (
				E1F9C6A228C343940062BE47 /* LaunchScreen.storyboard in Resources */,
				E1F9C69F28C343940062BE47 /* Assets.xcassets in Resources */,
				E1F9C69D28C343900062BE47 /* Main.storyboard in Resources */,
			);
			runOnlyForDeploymentPostprocessing = 0;
		};
		E1F9C6A628C343940062BE47 /* Resources */ = {
			isa = PBXResourcesBuildPhase;
			buildActionMask = 2147483647;
			files = (
			);
			runOnlyForDeploymentPostprocessing = 0;
		};
		E1F9C6B028C343940062BE47 /* Resources */ = {
			isa = PBXResourcesBuildPhase;
			buildActionMask = 2147483647;
			files = (
			);
			runOnlyForDeploymentPostprocessing = 0;
		};
/* End PBXResourcesBuildPhase section */

/* Begin PBXSourcesBuildPhase section */
		E1F9C68E28C343900062BE47 /* Sources */ = {
			isa = PBXSourcesBuildPhase;
			buildActionMask = 2147483647;
			files = (
				E1F9C69A28C343900062BE47 /* ViewController.swift in Sources */,
				E1F9C69628C343900062BE47 /* AppDelegate.swift in Sources */,
				E1F9C69828C343900062BE47 /* SceneDelegate.swift in Sources */,
			);
			runOnlyForDeploymentPostprocessing = 0;
		};
		E1F9C6A428C343940062BE47 /* Sources */ = {
			isa = PBXSourcesBuildPhase;
			buildActionMask = 2147483647;
			files = (
				E1F9C6AD28C343940062BE47 /* catchKennyTests.swift in Sources */,
			);
			runOnlyForDeploymentPostprocessing = 0;
		};
		E1F9C6AE28C343940062BE47 /* Sources */ = {
			isa = PBXSourcesBuildPhase;
			buildActionMask = 2147483647;
			files = (
				E1F9C6B928C343940062BE47 /* catchKennyUITestsLaunchTests.swift in Sources */,
				E1F9C6B728C343940062BE47 /* catchKennyUITests.swift in Sources */,
			);
			runOnlyForDeploymentPostprocessing = 0;
		};
/* End PBXSourcesBuildPhase section */

/* Begin PBXTargetDependency section */
		E1F9C6AA28C343940062BE47 /* PBXTargetDependency */ = {
			isa = PBXTargetDependency;
			target = E1F9C69128C343900062BE47 /* catchKenny */;
			targetProxy = E1F9C6A928C343940062BE47 /* PBXContainerItemProxy */;
		};
		E1F9C6B428C343940062BE47 /* PBXTargetDependency */ = {
			isa = PBXTargetDependency;
			target = E1F9C69128C343900062BE47 /* catchKenny */;
			targetProxy = E1F9C6B328C343940062BE47 /* PBXContainerItemProxy */;
		};
/* End PBXTargetDependency section */

/* Begin PBXVariantGroup section */
		E1F9C69B28C343900062BE47 /* Main.storyboard */ = {
			isa = PBXVariantGroup;
			children = (
				E1F9C69C28C343900062BE47 /* Base */,
			);
			name = Main.storyboard;
			sourceTree = "<group>";
		};
		E1F9C6A028C343940062BE47 /* LaunchScreen.storyboard */ = {
			isa = PBXVariantGroup;
			children = (
				E1F9C6A128C343940062BE47 /* Base */,
			);
			name = LaunchScreen.storyboard;
			sourceTree = "<group>";
		};
/* End PBXVariantGroup section */

/* Begin XCBuildConfiguration section */
		E1F9C6BA28C343940062BE47 /* Debug */ = {
			isa = XCBuildConfiguration;
			buildSettings = {
				ALWAYS_SEARCH_USER_PATHS = NO;
				CLANG_ANALYZER_NONNULL = YES;
				CLANG_ANALYZER_NUMBER_OBJECT_CONVERSION = YES_AGGRESSIVE;
				CLANG_CXX_LANGUAGE_STANDARD = "gnu++20";
				CLANG_ENABLE_MODULES = YES;
				CLANG_ENABLE_OBJC_ARC = YES;
				CLANG_ENABLE_OBJC_WEAK = YES;
				CLANG_WARN_BLOCK_CAPTURE_AUTORELEASING = YES;
				CLANG_WARN_BOOL_CONVERSION = YES;
				CLANG_WARN_COMMA = YES;
				CLANG_WARN_CONSTANT_CONVERSION = YES;
				CLANG_WARN_DEPRECATED_OBJC_IMPLEMENTATIONS = YES;
				CLANG_WARN_DIRECT_OBJC_ISA_USAGE = YES_ERROR;
				CLANG_WARN_DOCUMENTATION_COMMENTS = YES;
				CLANG_WARN_EMPTY_BODY = YES;
				CLANG_WARN_ENUM_CONVERSION = YES;
				CLANG_WARN_INFINITE_RECURSION = YES;
				CLANG_WARN_INT_CONVERSION = YES;
				CLANG_WARN_NON_LITERAL_NULL_CONVERSION = YES;
				CLANG_WARN_OBJC_IMPLICIT_RETAIN_SELF = YES;
				CLANG_WARN_OBJC_LITERAL_CONVERSION = YES;
				CLANG_WARN_OBJC_ROOT_CLASS = YES_ERROR;
				CLANG_WARN_QUOTED_INCLUDE_IN_FRAMEWORK_HEADER = YES;
				CLANG_WARN_RANGE_LOOP_ANALYSIS = YES;
				CLANG_WARN_STRICT_PROTOTYPES = YES;
				CLANG_WARN_SUSPICIOUS_MOVE = YES;
				CLANG_WARN_UNGUARDED_AVAILABILITY = YES_AGGRESSIVE;
				CLANG_WARN_UNREACHABLE_CODE = YES;
				CLANG_WARN__DUPLICATE_METHOD_MATCH = YES;
				COPY_PHASE_STRIP = NO;
				DEBUG_INFORMATION_FORMAT = dwarf;
				ENABLE_STRICT_OBJC_MSGSEND = YES;
				ENABLE_TESTABILITY = YES;
				GCC_C_LANGUAGE_STANDARD = gnu11;
				GCC_DYNAMIC_NO_PIC = NO;
				GCC_NO_COMMON_BLOCKS = YES;
				GCC_OPTIMIZATION_LEVEL = 0;
				GCC_PREPROCESSOR_DEFINITIONS = (
					"DEBUG=1",
					"$(inherited)",
				);
				GCC_WARN_64_TO_32_BIT_CONVERSION = YES;
				GCC_WARN_ABOUT_RETURN_TYPE = YES_ERROR;
				GCC_WARN_UNDECLARED_SELECTOR = YES;
				GCC_WARN_UNINITIALIZED_AUTOS = YES_AGGRESSIVE;
				GCC_WARN_UNUSED_FUNCTION = YES;
				GCC_WARN_UNUSED_VARIABLE = YES;
				IPHONEOS_DEPLOYMENT_TARGET = 16.0;
				MTL_ENABLE_DEBUG_INFO = INCLUDE_SOURCE;
				MTL_FAST_MATH = YES;
				ONLY_ACTIVE_ARCH = YES;
				SDKROOT = iphoneos;
				SWIFT_ACTIVE_COMPILATION_CONDITIONS = DEBUG;
				SWIFT_OPTIMIZATION_LEVEL = "-Onone";
			};
			name = Debug;
		};
		E1F9C6BB28C343940062BE47 /* Release */ = {
			isa = XCBuildConfiguration;
			buildSettings = {
				ALWAYS_SEARCH_USER_PATHS = NO;
				CLANG_ANALYZER_NONNULL = YES;
				CLANG_ANALYZER_NUMBER_OBJECT_CONVERSION = YES_AGGRESSIVE;
				CLANG_CXX_LANGUAGE_STANDARD = "gnu++20";
				CLANG_ENABLE_MODULES = YES;
				CLANG_ENABLE_OBJC_ARC = YES;
				CLANG_ENABLE_OBJC_WEAK = YES;
				CLANG_WARN_BLOCK_CAPTURE_AUTORELEASING = YES;
				CLANG_WARN_BOOL_CONVERSION = YES;
				CLANG_WARN_COMMA = YES;
				CLANG_WARN_CONSTANT_CONVERSION = YES;
				CLANG_WARN_DEPRECATED_OBJC_IMPLEMENTATIONS = YES;
				CLANG_WARN_DIRECT_OBJC_ISA_USAGE = YES_ERROR;
				CLANG_WARN_DOCUMENTATION_COMMENTS = YES;
				CLANG_WARN_EMPTY_BODY = YES;
				CLANG_WARN_ENUM_CONVERSION = YES;
				CLANG_WARN_INFINITE_RECURSION = YES;
				CLANG_WARN_INT_CONVERSION = YES;
				CLANG_WARN_NON_LITERAL_NULL_CONVERSION = YES;
				CLANG_WARN_OBJC_IMPLICIT_RETAIN_SELF = YES;
				CLANG_WARN_OBJC_LITERAL_CONVERSION = YES;
				CLANG_WARN_OBJC_ROOT_CLASS = YES_ERROR;
				CLANG_WARN_QUOTED_INCLUDE_IN_FRAMEWORK_HEADER = YES;
				CLANG_WARN_RANGE_LOOP_ANALYSIS = YES;
				CLANG_WARN_STRICT_PROTOTYPES = YES;
				CLANG_WARN_SUSPICIOUS_MOVE = YES;
				CLANG_WARN_UNGUARDED_AVAILABILITY = YES_AGGRESSIVE;
				CLANG_WARN_UNREACHABLE_CODE = YES;
				CLANG_WARN__DUPLICATE_METHOD_MATCH = YES;
				COPY_PHASE_STRIP = NO;
				DEBUG_INFORMATION_FORMAT = "dwarf-with-dsym";
				ENABLE_NS_ASSERTIONS = NO;
				ENABLE_STRICT_OBJC_MSGSEND = YES;
				GCC_C_LANGUAGE_STANDARD = gnu11;
				GCC_NO_COMMON_BLOCKS = YES;
				GCC_WARN_64_TO_32_BIT_CONVERSION = YES;
				GCC_WARN_ABOUT_RETURN_TYPE = YES_ERROR;
				GCC_WARN_UNDECLARED_SELECTOR = YES;
				GCC_WARN_UNINITIALIZED_AUTOS = YES_AGGRESSIVE;
				GCC_WARN_UNUSED_FUNCTION = YES;
				GCC_WARN_UNUSED_VARIABLE = YES;
				IPHONEOS_DEPLOYMENT_TARGET = 16.0;
				MTL_ENABLE_DEBUG_INFO = NO;
				MTL_FAST_MATH = YES;
				SDKROOT = iphoneos;
				SWIFT_COMPILATION_MODE = wholemodule;
				SWIFT_OPTIMIZATION_LEVEL = "-O";
				VALIDATE_PRODUCT = YES;
			};
			name = Release;
		};
		E1F9C6BD28C343940062BE47 /* Debug */ = {
			isa = XCBuildConfiguration;
			buildSettings = {
				ASSETCATALOG_COMPILER_APPICON_NAME = AppIcon;
				ASSETCATALOG_COMPILER_GLOBAL_ACCENT_COLOR_NAME = AccentColor;
				CODE_SIGN_STYLE = Automatic;
				CURRENT_PROJECT_VERSION = 1;
				DEVELOPMENT_TEAM = H2XFH58KK6;
				GENERATE_INFOPLIST_FILE = YES;
				INFOPLIST_FILE = catchKenny/Info.plist;
				INFOPLIST_KEY_UIApplicationSupportsIndirectInputEvents = YES;
				INFOPLIST_KEY_UILaunchStoryboardName = LaunchScreen;
				INFOPLIST_KEY_UIMainStoryboardFile = Main;
				INFOPLIST_KEY_UISupportedInterfaceOrientations_iPad = "UIInterfaceOrientationPortrait UIInterfaceOrientationPortraitUpsideDown UIInterfaceOrientationLandscapeLeft UIInterfaceOrientationLandscapeRight";
				INFOPLIST_KEY_UISupportedInterfaceOrientations_iPhone = "UIInterfaceOrientationPortrait UIInterfaceOrientationLandscapeLeft UIInterfaceOrientationLandscapeRight";
				LD_RUNPATH_SEARCH_PATHS = (
					"$(inherited)",
					"@executable_path/Frameworks",
				);
				MARKETING_VERSION = 1.0;
				PRODUCT_BUNDLE_IDENTIFIER = com.ekremyalcin.catchKenny;
				PRODUCT_NAME = "$(TARGET_NAME)";
				SWIFT_EMIT_LOC_STRINGS = YES;
				SWIFT_VERSION = 5.0;
				TARGETED_DEVICE_FAMILY = "1,2";
			};
			name = Debug;
		};
		E1F9C6BE28C343940062BE47 /* Release */ = {
			isa = XCBuildConfiguration;
			buildSettings = {
				ASSETCATALOG_COMPILER_APPICON_NAME = AppIcon;
				ASSETCATALOG_COMPILER_GLOBAL_ACCENT_COLOR_NAME = AccentColor;
				CODE_SIGN_STYLE = Automatic;
				CURRENT_PROJECT_VERSION = 1;
				DEVELOPMENT_TEAM = H2XFH58KK6;
				GENERATE_INFOPLIST_FILE = YES;
				INFOPLIST_FILE = catchKenny/Info.plist;
				INFOPLIST_KEY_UIApplicationSupportsIndirectInputEvents = YES;
				INFOPLIST_KEY_UILaunchStoryboardName = LaunchScreen;
				INFOPLIST_KEY_UIMainStoryboardFile = Main;
				INFOPLIST_KEY_UISupportedInterfaceOrientations_iPad = "UIInterfaceOrientationPortrait UIInterfaceOrientationPortraitUpsideDown UIInterfaceOrientationLandscapeLeft UIInterfaceOrientationLandscapeRight";
				INFOPLIST_KEY_UISupportedInterfaceOrientations_iPhone = "UIInterfaceOrientationPortrait UIInterfaceOrientationLandscapeLeft UIInterfaceOrientationLandscapeRight";
				LD_RUNPATH_SEARCH_PATHS = (
					"$(inherited)",
					"@executable_path/Frameworks",
				);
				MARKETING_VERSION = 1.0;
				PRODUCT_BUNDLE_IDENTIFIER = com.ekremyalcin.catchKenny;
				PRODUCT_NAME = "$(TARGET_NAME)";
				SWIFT_EMIT_LOC_STRINGS = YES;
				SWIFT_VERSION = 5.0;
				TARGETED_DEVICE_FAMILY = "1,2";
			};
			name = Release;
		};
		E1F9C6C028C343940062BE47 /* Debug */ = {
			isa = XCBuildConfiguration;
			buildSettings = {
				ALWAYS_EMBED_SWIFT_STANDARD_LIBRARIES = YES;
				BUNDLE_LOADER = "$(TEST_HOST)";
				CODE_SIGN_STYLE = Automatic;
				CURRENT_PROJECT_VERSION = 1;
				DEVELOPMENT_TEAM = H2XFH58KK6;
				GENERATE_INFOPLIST_FILE = YES;
				IPHONEOS_DEPLOYMENT_TARGET = 16.0;
				MARKETING_VERSION = 1.0;
				PRODUCT_BUNDLE_IDENTIFIER = com.ekremyalcin.catchKennyTests;
				PRODUCT_NAME = "$(TARGET_NAME)";
				SWIFT_EMIT_LOC_STRINGS = NO;
				SWIFT_VERSION = 5.0;
				TARGETED_DEVICE_FAMILY = "1,2";
				TEST_HOST = "$(BUILT_PRODUCTS_DIR)/catchKenny.app/$(BUNDLE_EXECUTABLE_FOLDER_PATH)/catchKenny";
			};
			name = Debug;
		};
		E1F9C6C128C343940062BE47 /* Release */ = {
			isa = XCBuildConfiguration;
			buildSettings = {
				ALWAYS_EMBED_SWIFT_STANDARD_LIBRARIES = YES;
				BUNDLE_LOADER = "$(TEST_HOST)";
				CODE_SIGN_STYLE = Automatic;
				CURRENT_PROJECT_VERSION = 1;
				DEVELOPMENT_TEAM = H2XFH58KK6;
				GENERATE_INFOPLIST_FILE = YES;
				IPHONEOS_DEPLOYMENT_TARGET = 16.0;
				MARKETING_VERSION = 1.0;
				PRODUCT_BUNDLE_IDENTIFIER = com.ekremyalcin.catchKennyTests;
				PRODUCT_NAME = "$(TARGET_NAME)";
				SWIFT_EMIT_LOC_STRINGS = NO;
				SWIFT_VERSION = 5.0;
				TARGETED_DEVICE_FAMILY = "1,2";
				TEST_HOST = "$(BUILT_PRODUCTS_DIR)/catchKenny.app/$(BUNDLE_EXECUTABLE_FOLDER_PATH)/catchKenny";
			};
			name = Release;
		};
		E1F9C6C328C343940062BE47 /* Debug */ = {
			isa = XCBuildConfiguration;
			buildSettings = {
				ALWAYS_EMBED_SWIFT_STANDARD_LIBRARIES = YES;
				CODE_SIGN_STYLE = Automatic;
				CURRENT_PROJECT_VERSION = 1;
				DEVELOPMENT_TEAM = H2XFH58KK6;
				GENERATE_INFOPLIST_FILE = YES;
				MARKETING_VERSION = 1.0;
				PRODUCT_BUNDLE_IDENTIFIER = com.ekremyalcin.catchKennyUITests;
				PRODUCT_NAME = "$(TARGET_NAME)";
				SWIFT_EMIT_LOC_STRINGS = NO;
				SWIFT_VERSION = 5.0;
				TARGETED_DEVICE_FAMILY = "1,2";
				TEST_TARGET_NAME = catchKenny;
			};
			name = Debug;
		};
		E1F9C6C428C343940062BE47 /* Release */ = {
			isa = XCBuildConfiguration;
			buildSettings = {
				ALWAYS_EMBED_SWIFT_STANDARD_LIBRARIES = YES;
				CODE_SIGN_STYLE = Automatic;
				CURRENT_PROJECT_VERSION = 1;
				DEVELOPMENT_TEAM = H2XFH58KK6;
				GENERATE_INFOPLIST_FILE = YES;
				MARKETING_VERSION = 1.0;
				PRODUCT_BUNDLE_IDENTIFIER = com.ekremyalcin.catchKennyUITests;
				PRODUCT_NAME = "$(TARGET_NAME)";
				SWIFT_EMIT_LOC_STRINGS = NO;
				SWIFT_VERSION = 5.0;
				TARGETED_DEVICE_FAMILY = "1,2";
				TEST_TARGET_NAME = catchKenny;
			};
			name = Release;
		};
/* End XCBuildConfiguration section */

/* Begin XCConfigurationList section */
		E1F9C68D28C343900062BE47 /* Build configuration list for PBXProject "catchKenny" */ = {
			isa = XCConfigurationList;
			buildConfigurations = (
				E1F9C6BA28C343940062BE47 /* Debug */,
				E1F9C6BB28C343940062BE47 /* Release */,
			);
			defaultConfigurationIsVisible = 0;
			defaultConfigurationName = Release;
		};
		E1F9C6BC28C343940062BE47 /* Build configuration list for PBXNativeTarget "catchKenny" */ = {
			isa = XCConfigurationList;
			buildConfigurations = (
				E1F9C6BD28C343940062BE47 /* Debug */,
				E1F9C6BE28C343940062BE47 /* Release */,
			);
			defaultConfigurationIsVisible = 0;
			defaultConfigurationName = Release;
		};
		E1F9C6BF28C343940062BE47 /* Build configuration list for PBXNativeTarget "catchKennyTests" */ = {
			isa = XCConfigurationList;
			buildConfigurations = (
				E1F9C6C028C343940062BE47 /* Debug */,
				E1F9C6C128C343940062BE47 /* Release */,
			);
			defaultConfigurationIsVisible = 0;
			defaultConfigurationName = Release;
		};
		E1F9C6C228C343940062BE47 /* Build configuration list for PBXNativeTarget "catchKennyUITests" */ = {
			isa = XCConfigurationList;
			buildConfigurations = (
				E1F9C6C328C343940062BE47 /* Debug */,
				E1F9C6C428C343940062BE47 /* Release */,
			);
			defaultConfigurationIsVisible = 0;
			defaultConfigurationName = Release;
		};
/* End XCConfigurationList section */
	};
	rootObject = E1F9C68A28C343900062BE47 /* Project object */;
}
